// !$*UTF8*$!
{
	archiveVersion = 1;
	classes = {
	};
	objectVersion = 56;
	objects = {

/* Begin PBXBuildFile section */
		AA000001 /* FlightCompanionApp.swift in Sources */ = {isa = PBXBuildFile; fileRef = AA100001 /* FlightCompanionApp.swift */; };
		AA000002 /* ContentView.swift in Sources */ = {isa = PBXBuildFile; fileRef = AA100002 /* ContentView.swift */; };
		AA000003 /* FlightDashboardView.swift in Sources */ = {isa = PBXBuildFile; fileRef = AA100003 /* FlightDashboardView.swift */; };
		AA000004 /* FlightMapView.swift in Sources */ = {isa = PBXBuildFile; fileRef = AA100004 /* FlightMapView.swift */; };
		AA000005 /* SettingsView.swift in Sources */ = {isa = PBXBuildFile; fileRef = AA100005 /* SettingsView.swift */; };
		AA000006 /* TimesView.swift in Sources */ = {isa = PBXBuildFile; fileRef = AA100006 /* TimesView.swift */; };
		AA000007 /* FlightState.swift in Sources */ = {isa = PBXBuildFile; fileRef = AA100007 /* FlightState.swift */; };
		AA000008 /* LiveActivityManager.swift in Sources */ = {isa = PBXBuildFile; fileRef = AA100008 /* LiveActivityManager.swift */; };
		AA000009 /* NotificationManager.swift in Sources */ = {isa = PBXBuildFile; fileRef = AA100009 /* NotificationManager.swift */; };
		AA000010 /* RelayClient.swift in Sources */ = {isa = PBXBuildFile; fileRef = AA100010 /* RelayClient.swift */; };
		AA000011 /* FlightLiveActivity.swift in Sources */ = {isa = PBXBuildFile; fileRef = AA100011 /* FlightLiveActivity.swift */; };
/* End PBXBuildFile section */

/* Begin PBXFileReference section */
		AA100001 /* FlightCompanionApp.swift */ = {isa = PBXFileReference; lastKnownFileType = sourcecode.swift; path = FlightCompanionApp.swift; sourceTree = "<group>"; };
		AA100002 /* ContentView.swift */ = {isa = PBXFileReference; lastKnownFileType = sourcecode.swift; path = ContentView.swift; sourceTree = "<group>"; };
		AA100003 /* FlightDashboardView.swift */ = {isa = PBXFileReference; lastKnownFileType = sourcecode.swift; path = FlightDashboardView.swift; sourceTree = "<group>"; };
		AA100004 /* FlightMapView.swift */ = {isa = PBXFileReference; lastKnownFileType = sourcecode.swift; path = FlightMapView.swift; sourceTree = "<group>"; };
		AA100005 /* SettingsView.swift */ = {isa = PBXFileReference; lastKnownFileType = sourcecode.swift; path = SettingsView.swift; sourceTree = "<group>"; };
		AA100006 /* TimesView.swift */ = {isa = PBXFileReference; lastKnownFileType = sourcecode.swift; path = TimesView.swift; sourceTree = "<group>"; };
		AA100007 /* FlightState.swift */ = {isa = PBXFileReference; lastKnownFileType = sourcecode.swift; path = FlightState.swift; sourceTree = "<group>"; };
		AA100008 /* LiveActivityManager.swift */ = {isa = PBXFileReference; lastKnownFileType = sourcecode.swift; path = LiveActivityManager.swift; sourceTree = "<group>"; };
		AA100009 /* NotificationManager.swift */ = {isa = PBXFileReference; lastKnownFileType = sourcecode.swift; path = NotificationManager.swift; sourceTree = "<group>"; };
		AA100010 /* RelayClient.swift */ = {isa = PBXFileReference; lastKnownFileType = sourcecode.swift; path = RelayClient.swift; sourceTree = "<group>"; };
		AA100011 /* FlightLiveActivity.swift */ = {isa = PBXFileReference; lastKnownFileType = sourcecode.swift; path = FlightLiveActivity.swift; sourceTree = "<group>"; };
		AA200001 /* FlightCompanion.app */ = {isa = PBXFileReference; explicitFileType = wrapper.application; includeInIndex = 0; path = FlightCompanion.app; sourceTree = BUILT_PRODUCTS_DIR; };
		AA200002 /* LiveActivityWidget.appex */ = {isa = PBXFileReference; explicitFileType = "wrapper.app-extension"; includeInIndex = 0; path = LiveActivityWidget.appex; sourceTree = BUILT_PRODUCTS_DIR; };
		AA300001 /* Info.plist */ = {isa = PBXFileReference; lastKnownFileType = text.plist.xml; path = Info.plist; sourceTree = "<group>"; };
		AA300002 /* Info.plist */ = {isa = PBXFileReference; lastKnownFileType = text.plist.xml; path = Info.plist; sourceTree = "<group>"; };
/* End PBXFileReference section */

/* Begin PBXFrameworksBuildPhase section */
		AA400001 /* Frameworks - Main App */ = {
			isa = PBXFrameworksBuildPhase;
			buildActionMask = 2147483647;
			files = (
			);
			runOnlyForDeploymentPostprocessing = 0;
		};
		AA400002 /* Frameworks - Widget */ = {
			isa = PBXFrameworksBuildPhase;
			buildActionMask = 2147483647;
			files = (
			);
			runOnlyForDeploymentPostprocessing = 0;
		};
/* End PBXFrameworksBuildPhase section */

/* Begin PBXGroup section */
		AA500000 /* Root */ = {
			isa = PBXGroup;
			children = (
				AA500001 /* FlightCompanion */,
				AA500010 /* LiveActivityWidget */,
				AA500020 /* Products */,
			);
			sourceTree = "<group>";
		};
		AA500001 /* FlightCompanion */ = {
			isa = PBXGroup;
			children = (
				AA500002 /* App */,
				AA500003 /* Views */,
				AA500004 /* Models */,
			);
			path = FlightCompanion;
			sourceTree = "<group>";
		};
		AA500002 /* App */ = {
			isa = PBXGroup;
			children = (
				AA100001 /* FlightCompanionApp.swift */,
				AA300001 /* Info.plist */,
			);
			path = App;
			sourceTree = "<group>";
		};
		AA500003 /* Views */ = {
			isa = PBXGroup;
			children = (
				AA100002 /* ContentView.swift */,
				AA100003 /* FlightDashboardView.swift */,
				AA100004 /* FlightMapView.swift */,
				AA100005 /* SettingsView.swift */,
				AA100006 /* TimesView.swift */,
			);
			path = Views;
			sourceTree = "<group>";
		};
		AA500004 /* Models */ = {
			isa = PBXGroup;
			children = (
				AA100007 /* FlightState.swift */,
				AA100008 /* LiveActivityManager.swift */,
				AA100009 /* NotificationManager.swift */,
				AA100010 /* RelayClient.swift */,
			);
			path = Models;
			sourceTree = "<group>";
		};
		AA500010 /* LiveActivityWidget */ = {
			isa = PBXGroup;
			children = (
				AA100011 /* FlightLiveActivity.swift */,
				AA300002 /* Info.plist */,
			);
			path = LiveActivityWidget;
			sourceTree = "<group>";
		};
		AA500020 /* Products */ = {
			isa = PBXGroup;
			children = (
				AA200001 /* FlightCompanion.app */,
				AA200002 /* LiveActivityWidget.appex */,
			);
			name = Products;
			sourceTree = "<group>";
		};
/* End PBXGroup section */

/* Begin PBXNativeTarget section */
		AA600001 /* FlightCompanion */ = {
			isa = PBXNativeTarget;
			buildConfigurationList = AA700001 /* Build configuration list for PBXNativeTarget "FlightCompanion" */;
			buildPhases = (
				AA800001 /* Sources - Main App */,
				AA400001 /* Frameworks - Main App */,
				AA900001 /* Resources - Main App */,
			);
			buildRules = (
			);
			dependencies = (
				AA600010 /* PBXTargetDependency */,
			);
			name = FlightCompanion;
			productName = FlightCompanion;
			productReference = AA200001 /* FlightCompanion.app */;
			productType = "com.apple.product-type.application";
		};
		AA600002 /* LiveActivityWidget */ = {
			isa = PBXNativeTarget;
			buildConfigurationList = AA700002 /* Build configuration list for PBXNativeTarget "LiveActivityWidget" */;
			buildPhases = (
				AA800002 /* Sources - Widget */,
				AA400002 /* Frameworks - Widget */,
				AA900002 /* Resources - Widget */,
			);
			buildRules = (
			);
			dependencies = (
			);
			name = LiveActivityWidget;
			productName = LiveActivityWidget;
			productReference = AA200002 /* LiveActivityWidget.appex */;
			productType = "com.apple.product-type.app-extension";
		};
/* End PBXNativeTarget section */

/* Begin PBXProject section */
		AA000000 /* Project */ = {
			isa = PBXProject;
			attributes = {
				BuildIndependentTargetsInParallel = 1;
				LastSwiftUpdateCheck = 1500;
				LastUpgradeCheck = 1500;
				TargetAttributes = {
					AA600001 = {
						CreatedOnToolsVersion = 15.0;
					};
					AA600002 = {
						CreatedOnToolsVersion = 15.0;
					};
				};
			};
			buildConfigurationList = AA700000 /* Build configuration list for PBXProject "FlightCompanion" */;
			compatibilityVersion = "Xcode 14.0";
			developmentRegion = en;
			hasScannedForEncodings = 0;
			knownRegions = (
				en,
				Base,
			);
			mainGroup = AA500000 /* Root */;
			productRefGroup = AA500020 /* Products */;
			projectDirPath = "";
			projectRoot = "";
			targets = (
				AA600001 /* FlightCompanion */,
				AA600002 /* LiveActivityWidget */,
			);
		};
/* End PBXProject section */

/* Begin PBXResourcesBuildPhase section */
		AA900001 /* Resources - Main App */ = {
			isa = PBXResourcesBuildPhase;
			buildActionMask = 2147483647;
			files = (
			);
			runOnlyForDeploymentPostprocessing = 0;
		};
		AA900002 /* Resources - Widget */ = {
			isa = PBXResourcesBuildPhase;
			buildActionMask = 2147483647;
			files = (
			);
			runOnlyForDeploymentPostprocessing = 0;
		};
/* End PBXResourcesBuildPhase section */

/* Begin PBXSourcesBuildPhase section */
		AA800001 /* Sources - Main App */ = {
			isa = PBXSourcesBuildPhase;
			buildActionMask = 2147483647;
			files = (
				AA000001 /* FlightCompanionApp.swift in Sources */,
				AA000002 /* ContentView.swift in Sources */,
				AA000003 /* FlightDashboardView.swift in Sources */,
				AA000004 /* FlightMapView.swift in Sources */,
				AA000005 /* SettingsView.swift in Sources */,
				AA000006 /* TimesView.swift in Sources */,
				AA000007 /* FlightState.swift in Sources */,
				AA000008 /* LiveActivityManager.swift in Sources */,
				AA000009 /* NotificationManager.swift in Sources */,
				AA000010 /* RelayClient.swift in Sources */,
			);
			runOnlyForDeploymentPostprocessing = 0;
		};
		AA800002 /* Sources - Widget */ = {
			isa = PBXSourcesBuildPhase;
			buildActionMask = 2147483647;
			files = (
				AA000011 /* FlightLiveActivity.swift in Sources */,
			);
			runOnlyForDeploymentPostprocessing = 0;
		};
/* End PBXSourcesBuildPhase section */

/* Begin PBXTargetDependency section */
		AA600010 /* PBXTargetDependency */ = {
			isa = PBXTargetDependency;
			target = AA600002 /* LiveActivityWidget */;
		};
/* End PBXTargetDependency section */

/* Begin XCBuildConfiguration section */
		AA700010 /* Debug - Project */ = {
			isa = XCBuildConfiguration;
			buildSettings = {
				ALWAYS_SEARCH_USER_PATHS = NO;
				CLANG_ANALYZER_NONNULL = YES;
				CLANG_ANALYZER_NUMBER_OBJECT_CONVERSION = YES_AGGRESSIVE;
				CLANG_CXX_LANGUAGE_STANDARD = "gnu++20";
				CLANG_ENABLE_MODULES = YES;
				CLANG_ENABLE_OBJC_ARC = YES;
				CLANG_ENABLE_OBJC_WEAK = YES;
				CLANG_WARN_BLOCK_CAPTURE_AUTORELEASING = YES;
				CLANG_WARN_BOOL_CONVERSION = YES;
				CLANG_WARN_COMMA = YES;
				CLANG_WARN_CONSTANT_CONVERSION = YES;
				CLANG_WARN_DEPRECATED_OBJC_IMPLEMENTATIONS = YES;
				CLANG_WARN_DIRECT_OBJC_ISA_USAGE = YES_ERROR;
				CLANG_WARN_DOCUMENTATION_COMMENTS = YES;
				CLANG_WARN_EMPTY_BODY = YES;
				CLANG_WARN_ENUM_CONVERSION = YES;
				CLANG_WARN_INFINITE_RECURSION = YES;
				CLANG_WARN_INT_CONVERSION = YES;
				CLANG_WARN_NON_LITERAL_NULL_CONVERSION = YES;
				CLANG_WARN_OBJC_IMPLICIT_RETAIN_SELF = YES;
				CLANG_WARN_OBJC_LITERAL_CONVERSION = YES;
				CLANG_WARN_OBJC_ROOT_CLASS = YES_ERROR;
				CLANG_WARN_QUOTED_INCLUDE_IN_FRAMEWORK_HEADER = YES;
				CLANG_WARN_RANGE_LOOP_ANALYSIS = YES;
				CLANG_WARN_STRICT_PROTOTYPES = YES;
				CLANG_WARN_SUSPICIOUS_MOVE = YES;
				CLANG_WARN_UNGUARDED_AVAILABILITY = YES_AGGRESSIVE;
				CLANG_WARN_UNREACHABLE_CODE = YES;
				CLANG_WARN__DUPLICATE_METHOD_MATCH = YES;
				COPY_PHASE_STRIP = NO;
				DEBUG_INFORMATION_FORMAT = dwarf;
				ENABLE_STRICT_OBJC_MSGSEND = YES;
				ENABLE_TESTABILITY = YES;
				ENABLE_USER_SCRIPT_SANDBOXING = YES;
				GCC_C_LANGUAGE_STANDARD = gnu17;
				GCC_DYNAMIC_NO_PIC = NO;
				GCC_NO_COMMON_BLOCKS = YES;
				GCC_OPTIMIZATION_LEVEL = 0;
				GCC_PREPROCESSOR_DEFINITIONS = (
					"DEBUG=1",
					"$(inherited)",
				);
				GCC_WARN_64_TO_32_BIT_CONVERSION = YES;
				GCC_WARN_ABOUT_RETURN_TYPE = YES_ERROR;
				GCC_WARN_UNDECLARED_SELECTOR = YES;
				GCC_WARN_UNINITIALIZED_AUTOS = YES_AGGRESSIVE;
				GCC_WARN_UNUSED_FUNCTION = YES;
				GCC_WARN_UNUSED_VARIABLE = YES;
				IPHONEOS_DEPLOYMENT_TARGET = 17.0;
				MTL_ENABLE_DEBUG_INFO = INCLUDE_SOURCE;
				MTL_FAST_MATH = YES;
				ONLY_ACTIVE_ARCH = YES;
				SDKROOT = iphoneos;
				SWIFT_ACTIVE_COMPILATION_CONDITIONS = DEBUG;
				SWIFT_OPTIMIZATION_LEVEL = "-Onone";
			};
			name = Debug;
		};
		AA700011 /* Release - Project */ = {
			isa = XCBuildConfiguration;
			buildSettings = {
				ALWAYS_SEARCH_USER_PATHS = NO;
				CLANG_ANALYZER_NONNULL = YES;
				CLANG_ANALYZER_NUMBER_OBJECT_CONVERSION = YES_AGGRESSIVE;
				CLANG_CXX_LANGUAGE_STANDARD = "gnu++20";
				CLANG_ENABLE_MODULES = YES;
				CLANG_ENABLE_OBJC_ARC = YES;
				CLANG_ENABLE_OBJC_WEAK = YES;
				CLANG_WARN_BLOCK_CAPTURE_AUTORELEASING = YES;
				CLANG_WARN_BOOL_CONVERSION = YES;
				CLANG_WARN_COMMA = YES;
				CLANG_WARN_CONSTANT_CONVERSION = YES;
				CLANG_WARN_DEPRECATED_OBJC_IMPLEMENTATIONS = YES;
				CLANG_WARN_DIRECT_OBJC_ISA_USAGE = YES_ERROR;
				CLANG_WARN_DOCUMENTATION_COMMENTS = YES;
				CLANG_WARN_EMPTY_BODY = YES;
				CLANG_WARN_ENUM_CONVERSION = YES;
				CLANG_WARN_INFINITE_RECURSION = YES;
				CLANG_WARN_INT_CONVERSION = YES;
				CLANG_WARN_NON_LITERAL_NULL_CONVERSION = YES;
				CLANG_WARN_OBJC_IMPLICIT_RETAIN_SELF = YES;
				CLANG_WARN_OBJC_LITERAL_CONVERSION = YES;
				CLANG_WARN_OBJC_ROOT_CLASS = YES_ERROR;
				CLANG_WARN_QUOTED_INCLUDE_IN_FRAMEWORK_HEADER = YES;
				CLANG_WARN_RANGE_LOOP_ANALYSIS = YES;
				CLANG_WARN_STRICT_PROTOTYPES = YES;
				CLANG_WARN_SUSPICIOUS_MOVE = YES;
				CLANG_WARN_UNGUARDED_AVAILABILITY = YES_AGGRESSIVE;
				CLANG_WARN_UNREACHABLE_CODE = YES;
				CLANG_WARN__DUPLICATE_METHOD_MATCH = YES;
				COPY_PHASE_STRIP = NO;
				DEBUG_INFORMATION_FORMAT = "dwarf-with-dsym";
				ENABLE_NS_ASSERTIONS = NO;
				ENABLE_STRICT_OBJC_MSGSEND = YES;
				ENABLE_USER_SCRIPT_SANDBOXING = YES;
				GCC_C_LANGUAGE_STANDARD = gnu17;
				GCC_NO_COMMON_BLOCKS = YES;
				GCC_WARN_64_TO_32_BIT_CONVERSION = YES;
				GCC_WARN_ABOUT_RETURN_TYPE = YES_ERROR;
				GCC_WARN_UNDECLARED_SELECTOR = YES;
				GCC_WARN_UNINITIALIZED_AUTOS = YES_AGGRESSIVE;
				GCC_WARN_UNUSED_FUNCTION = YES;
				GCC_WARN_UNUSED_VARIABLE = YES;
				IPHONEOS_DEPLOYMENT_TARGET = 17.0;
				MTL_FAST_MATH = YES;
				SDKROOT = iphoneos;
				SWIFT_COMPILATION_MODE = wholemodule;
				SWIFT_OPTIMIZATION_LEVEL = "-O";
				VALIDATE_PRODUCT = YES;
			};
			name = Release;
		};
		AA700020 /* Debug - FlightCompanion */ = {
			isa = XCBuildConfiguration;
			buildSettings = {
				ASSETCATALOG_COMPILER_APPICON_NAME = AppIcon;
				ASSETCATALOG_COMPILER_GLOBAL_ACCENT_COLOR_NAME = AccentColor;
				CODE_SIGN_STYLE = Automatic;
				CURRENT_PROJECT_VERSION = 1;
				DEVELOPMENT_ASSET_PATHS = "";
				DEVELOPMENT_TEAM = "";
				ENABLE_PREVIEWS = YES;
				GENERATE_INFOPLIST_FILE = NO;
				INFOPLIST_FILE = FlightCompanion/App/Info.plist;
				IPHONEOS_DEPLOYMENT_TARGET = 17.0;
				LD_RUNPATH_SEARCH_PATHS = (
					"$(inherited)",
					"@executable_path/Frameworks",
				);
				MARKETING_VERSION = 1.0;
				PRODUCT_BUNDLE_IDENTIFIER = com.aarod23.FlightCompanion;
				PRODUCT_NAME = "$(TARGET_NAME)";
				SUPPORTED_PLATFORMS = iphoneos;
				SUPPORTS_MACCATALYST = NO;
				SWIFT_EMIT_LOC_STRINGS = YES;
				SWIFT_VERSION = 5.0;
				TARGETED_DEVICE_FAMILY = 1;
			};
			name = Debug;
		};
		AA700021 /* Release - FlightCompanion */ = {
			isa = XCBuildConfiguration;
			buildSettings = {
				ASSETCATALOG_COMPILER_APPICON_NAME = AppIcon;
				ASSETCATALOG_COMPILER_GLOBAL_ACCENT_COLOR_NAME = AccentColor;
				CODE_SIGN_STYLE = Automatic;
				CURRENT_PROJECT_VERSION = 1;
				DEVELOPMENT_ASSET_PATHS = "";
				DEVELOPMENT_TEAM = "";
				ENABLE_PREVIEWS = YES;
				GENERATE_INFOPLIST_FILE = NO;
				INFOPLIST_FILE = FlightCompanion/App/Info.plist;
				IPHONEOS_DEPLOYMENT_TARGET = 17.0;
				LD_RUNPATH_SEARCH_PATHS = (
					"$(inherited)",
					"@executable_path/Frameworks",
				);
				MARKETING_VERSION = 1.0;
				PRODUCT_BUNDLE_IDENTIFIER = com.aarod23.FlightCompanion;
				PRODUCT_NAME = "$(TARGET_NAME)";
				SUPPORTED_PLATFORMS = iphoneos;
				SUPPORTS_MACCATALYST = NO;
				SWIFT_EMIT_LOC_STRINGS = YES;
				SWIFT_VERSION = 5.0;
				TARGETED_DEVICE_FAMILY = 1;
			};
			name = Release;
		};
		AA700030 /* Debug - LiveActivityWidget */ = {
			isa = XCBuildConfiguration;
			buildSettings = {
				CODE_SIGN_STYLE = Automatic;
				CURRENT_PROJECT_VERSION = 1;
				DEVELOPMENT_TEAM = "";
				GENERATE_INFOPLIST_FILE = NO;
				INFOPLIST_FILE = FlightCompanion/LiveActivityWidget/Info.plist;
				IPHONEOS_DEPLOYMENT_TARGET = 17.0;
				LD_RUNPATH_SEARCH_PATHS = (
					"$(inherited)",
					"@executable_path/Frameworks",
					"@executable_path/../../Frameworks",
				);
				MARKETING_VERSION = 1.0;
				PRODUCT_BUNDLE_IDENTIFIER = com.aarod23.FlightCompanion.LiveActivityWidget;
				PRODUCT_NAME = "$(TARGET_NAME)";
				SKIP_INSTALL = YES;
				SUPPORTED_PLATFORMS = iphoneos;
				SUPPORTS_MACCATALYST = NO;
				SWIFT_EMIT_LOC_STRINGS = YES;
				SWIFT_VERSION = 5.0;
				TARGETED_DEVICE_FAMILY = 1;
			};
			name = Debug;
		};
		AA700031 /* Release - LiveActivityWidget */ = {
			isa = XCBuildConfiguration;
			buildSettings = {
				CODE_SIGN_STYLE = Automatic;
				CURRENT_PROJECT_VERSION = 1;
				DEVELOPMENT_TEAM = "";
				GENERATE_INFOPLIST_FILE = NO;
				INFOPLIST_FILE = FlightCompanion/LiveActivityWidget/Info.plist;
				IPHONEOS_DEPLOYMENT_TARGET = 17.0;
				LD_RUNPATH_SEARCH_PATHS = (
					"$(inherited)",
					"@executable_path/Frameworks",
					"@executable_path/../../Frameworks",
				);
				MARKETING_VERSION = 1.0;
				PRODUCT_BUNDLE_IDENTIFIER = com.aarod23.FlightCompanion.LiveActivityWidget;
				PRODUCT_NAME = "$(TARGET_NAME)";
				SKIP_INSTALL = YES;
				SUPPORTED_PLATFORMS = iphoneos;
				SUPPORTS_MACCATALYST = NO;
				SWIFT_EMIT_LOC_STRINGS = YES;
				SWIFT_VERSION = 5.0;
				TARGETED_DEVICE_FAMILY = 1;
			};
			name = Release;
		};
/* End XCBuildConfiguration section */

/* Begin XCConfigurationList section */
		AA700000 /* Build configuration list for PBXProject "FlightCompanion" */ = {
			isa = XCConfigurationList;
			buildConfigurations = (
				AA700010 /* Debug */,
				AA700011 /* Release */,
			);
			defaultConfigurationIsVisible = 0;
			defaultConfigurationName = Release;
		};
		AA700001 /* Build configuration list for PBXNativeTarget "FlightCompanion" */ = {
			isa = XCConfigurationList;
			buildConfigurations = (
				AA700020 /* Debug */,
				AA700021 /* Release */,
			);
			defaultConfigurationIsVisible = 0;
			defaultConfigurationName = Release;
		};
		AA700002 /* Build configuration list for PBXNativeTarget "LiveActivityWidget" */ = {
			isa = XCConfigurationList;
			buildConfigurations = (
				AA700030 /* Debug */,
				AA700031 /* Release */,
			);
			defaultConfigurationIsVisible = 0;
			defaultConfigurationName = Release;
		};
/* End XCConfigurationList section */

	};
	rootObject = AA000000 /* Project */;
}
